
Microsoft Visual Studio Solution File, Format Version 12.00
# Visual Studio Version 17
VisualStudioVersion = 17.2.32526.322
MinimumVisualStudioVersion = 10.0.40219.1
Project("{9A19103F-16F7-4668-BE54-9A1E7A4F7556}") = "Managed", "Managed\Managed.csproj", "{D8AADA2F-D3B9-4F4F-9720-5BF4534FEBAF}"
EndProject
Project("{9A19103F-16F7-4668-BE54-9A1E7A4F7556}") = "Benchmarks", "Benchmarks\Benchmarks.csproj", "{07D0C3CC-30F7-4271-BC2D-35F377274300}"
EndProject
Project("{FAE04EC0-301F-11D3-BF4B-00C04F79EFBC}") = "Native", "Native\Native.csproj", "{04D1711B-B923-45D7-A4DB-9784A3412895}"
EndProject
Global
	GlobalSection(SolutionConfigurationPlatforms) = preSolution
		Debug|Any CPU = Debug|Any CPU
		Release|Any CPU = Release|Any CPU
	EndGlobalSection
	GlobalSection(ProjectConfigurationPlatforms) = postSolution
		{D8AADA2F-D3B9-4F4F-9720-5BF4534FEBAF}.Debug|Any CPU.ActiveCfg = Debug|Any CPU
		{D8AADA2F-D3B9-4F4F-9720-5BF4534FEBAF}.Debug|Any CPU.Build.0 = Debug|Any CPU
		{D8AADA2F-D3B9-4F4F-9720-5BF4534FEBAF}.Release|Any CPU.ActiveCfg = Release|Any CPU
		{D8AADA2F-D3B9-4F4F-9720-5BF4534FEBAF}.Release|Any CPU.Build.0 = Release|Any CPU
		{07D0C3CC-30F7-4271-BC2D-35F377274300}.Debug|Any CPU.ActiveCfg = Debug|Any CPU
		{07D0C3CC-30F7-4271-BC2D-35F377274300}.Debug|Any CPU.Build.0 = Debug|Any CPU
		{07D0C3CC-30F7-4271-BC2D-35F377274300}.Release|Any CPU.ActiveCfg = Release|Any CPU
		{07D0C3CC-30F7-4271-BC2D-35F377274300}.Release|Any CPU.Build.0 = Release|Any CPU
		{04D1711B-B923-45D7-A4DB-9784A3412895}.Debug|Any CPU.ActiveCfg = Debug|Any CPU
		{04D1711B-B923-45D7-A4DB-9784A3412895}.Debug|Any CPU.Build.0 = Debug|Any CPU
		{04D1711B-B923-45D7-A4DB-9784A3412895}.Release|Any CPU.ActiveCfg = Release|Any CPU
		{04D1711B-B923-45D7-A4DB-9784A3412895}.Release|Any CPU.Build.0 = Release|Any CPU
	EndGlobalSection
	GlobalSection(SolutionProperties) = preSolution
		HideSolutionNode = FALSE
	EndGlobalSection
	GlobalSection(ExtensibilityGlobals) = postSolution
		SolutionGuid = {DE62D827-5D91-4DAC-8DAB-E040D36A7D26}
	EndGlobalSection
EndGlobal
